
Microsoft Visual Studio Solution File, Format Version 12.00
# Visual Studio Version 17
VisualStudioVersion = 17.6.33712.159
MinimumVisualStudioVersion = 10.0.40219.1
Project("{9A19103F-16F7-4668-BE54-9A1E7A4F7556}") = "ShopOnline.Web", "ShopOnline.Web\ShopOnline.Web.csproj", "{A64C469A-0949-4509-B1F1-BFB18253FB93}"
EndProject
Project("{9A19103F-16F7-4668-BE54-9A1E7A4F7556}") = "ShopOnline.API", "ShopOnline.API\ShopOnline.API.csproj", "{4DE39C2E-D1A4-4D58-BD66-4B9B1D4BB832}"
EndProject
Project("{9A19103F-16F7-4668-BE54-9A1E7A4F7556}") = "ShopOnline.Models", "ShopOnline.Models\ShopOnline.Models.csproj", "{F51AE5D0-8955-439A-81B3-27BBE965AC40}"
EndProject
Project("{2150E333-8FDC-42A3-9474-1A3956D46DE8}") = "Solution Items", "Solution Items", "{C372B34A-7466-4AC3-B0BC-A2E7053AEB4B}"
	ProjectSection(SolutionItems) = preProject
		.gitignore = .gitignore
	EndProjectSection
EndProject
Global
	GlobalSection(SolutionConfigurationPlatforms) = preSolution
		Debug|Any CPU = Debug|Any CPU
		Release|Any CPU = Release|Any CPU
	EndGlobalSection
	GlobalSection(ProjectConfigurationPlatforms) = postSolution
		{A64C469A-0949-4509-B1F1-BFB18253FB93}.Debug|Any CPU.ActiveCfg = Debug|Any CPU
		{A64C469A-0949-4509-B1F1-BFB18253FB93}.Debug|Any CPU.Build.0 = Debug|Any CPU
		{A64C469A-0949-4509-B1F1-BFB18253FB93}.Release|Any CPU.ActiveCfg = Release|Any CPU
		{A64C469A-0949-4509-B1F1-BFB18253FB93}.Release|Any CPU.Build.0 = Release|Any CPU
		{4DE39C2E-D1A4-4D58-BD66-4B9B1D4BB832}.Debug|Any CPU.ActiveCfg = Debug|Any CPU
		{4DE39C2E-D1A4-4D58-BD66-4B9B1D4BB832}.Debug|Any CPU.Build.0 = Debug|Any CPU
		{4DE39C2E-D1A4-4D58-BD66-4B9B1D4BB832}.Release|Any CPU.ActiveCfg = Release|Any CPU
		{4DE39C2E-D1A4-4D58-BD66-4B9B1D4BB832}.Release|Any CPU.Build.0 = Release|Any CPU
		{F51AE5D0-8955-439A-81B3-27BBE965AC40}.Debug|Any CPU.ActiveCfg = Debug|Any CPU
		{F51AE5D0-8955-439A-81B3-27BBE965AC40}.Debug|Any CPU.Build.0 = Debug|Any CPU
		{F51AE5D0-8955-439A-81B3-27BBE965AC40}.Release|Any CPU.ActiveCfg = Release|Any CPU
		{F51AE5D0-8955-439A-81B3-27BBE965AC40}.Release|Any CPU.Build.0 = Release|Any CPU
	EndGlobalSection
	GlobalSection(SolutionProperties) = preSolution
		HideSolutionNode = FALSE
	EndGlobalSection
	GlobalSection(ExtensibilityGlobals) = postSolution
		SolutionGuid = {1CC55EAE-2FE2-4462-9B5D-622DF61FA796}
	EndGlobalSection
EndGlobal
